
Microsoft Visual Studio Solution File, Format Version 12.00
# Visual Studio Version 16
VisualStudioVersion = 16.0.810.25
MinimumVisualStudioVersion = 10.0.40219.1
Project("{FAE04EC0-301F-11D3-BF4B-00C04F79EFBC}") = "DailyPractice04", "DailyPractice04\DailyPractice04.csproj", "{EBBD8FD4-91DE-48FB-8D4C-A3A65F0F88A7}"
EndProject
Global
	GlobalSection(SolutionConfigurationPlatforms) = preSolution
		Debug|anycpu = Debug|anycpu
		Release|anycpu = Release|anycpu
	EndGlobalSection
	GlobalSection(ProjectConfigurationPlatforms) = postSolution
		{EBBD8FD4-91DE-48FB-8D4C-A3A65F0F88A7}.Debug|anycpu.ActiveCfg = Debug|anycpu
		{EBBD8FD4-91DE-48FB-8D4C-A3A65F0F88A7}.Debug|anycpu.Build.0 = Debug|anycpu
		{EBBD8FD4-91DE-48FB-8D4C-A3A65F0F88A7}.Release|anycpu.ActiveCfg = Release|anycpu
		{EBBD8FD4-91DE-48FB-8D4C-A3A65F0F88A7}.Release|anycpu.Build.0 = Release|anycpu
	EndGlobalSection
	GlobalSection(SolutionProperties) = preSolution
		HideSolutionNode = FALSE
	EndGlobalSection
	GlobalSection(ExtensibilityGlobals) = postSolution
		SolutionGuid = {1B3A6A69-8FA5-434B-B912-76196307E676}
	EndGlobalSection
EndGlobal
