
Microsoft Visual Studio Solution File, Format Version 12.00
# Visual Studio Version 16
VisualStudioVersion = 16.0.810.25
MinimumVisualStudioVersion = 10.0.40219.1
Project("{FAE04EC0-301F-11D3-BF4B-00C04F79EFBC}") = "DailyPractice09", "DailyPractice09\DailyPractice09.csproj", "{8E18713E-681B-4FF6-AE76-E64F0D99AB87}"
EndProject
Global
	GlobalSection(SolutionConfigurationPlatforms) = preSolution
		Debug|anycpu = Debug|anycpu
		Release|anycpu = Release|anycpu
	EndGlobalSection
	GlobalSection(ProjectConfigurationPlatforms) = postSolution
		{8E18713E-681B-4FF6-AE76-E64F0D99AB87}.Debug|anycpu.ActiveCfg = Debug|anycpu
		{8E18713E-681B-4FF6-AE76-E64F0D99AB87}.Debug|anycpu.Build.0 = Debug|anycpu
		{8E18713E-681B-4FF6-AE76-E64F0D99AB87}.Release|anycpu.ActiveCfg = Release|anycpu
		{8E18713E-681B-4FF6-AE76-E64F0D99AB87}.Release|anycpu.Build.0 = Release|anycpu
	EndGlobalSection
	GlobalSection(SolutionProperties) = preSolution
		HideSolutionNode = FALSE
	EndGlobalSection
	GlobalSection(ExtensibilityGlobals) = postSolution
		SolutionGuid = {7F06FA3D-938B-410B-BAD2-E4A175B1124B}
	EndGlobalSection
EndGlobal
