
Microsoft Visual Studio Solution File, Format Version 12.00
# Visual Studio Version 16
VisualStudioVersion = 16.0.810.20
MinimumVisualStudioVersion = 10.0.40219.1
Project("{FAE04EC0-301F-11D3-BF4B-00C04F79EFBC}") = "Daily_Practice", "Daily_Practice\Daily_Practice.csproj", "{7F73AA4C-DF42-4D0B-8428-2A693755FD69}"
EndProject
Global
	GlobalSection(SolutionConfigurationPlatforms) = preSolution
		Debug|anycpu = Debug|anycpu
		Release|anycpu = Release|anycpu
	EndGlobalSection
	GlobalSection(ProjectConfigurationPlatforms) = postSolution
		{7F73AA4C-DF42-4D0B-8428-2A693755FD69}.Debug|anycpu.ActiveCfg = Debug|anycpu
		{7F73AA4C-DF42-4D0B-8428-2A693755FD69}.Debug|anycpu.Build.0 = Debug|anycpu
		{7F73AA4C-DF42-4D0B-8428-2A693755FD69}.Release|anycpu.ActiveCfg = Release|anycpu
		{7F73AA4C-DF42-4D0B-8428-2A693755FD69}.Release|anycpu.Build.0 = Release|anycpu
	EndGlobalSection
	GlobalSection(SolutionProperties) = preSolution
		HideSolutionNode = FALSE
	EndGlobalSection
	GlobalSection(ExtensibilityGlobals) = postSolution
		SolutionGuid = {5C4CFCC7-3764-43BC-82AD-DB7776532F80}
	EndGlobalSection
EndGlobal
