
Microsoft Visual Studio Solution File, Format Version 12.00
# Visual Studio Version 16
VisualStudioVersion = 16.0.810.25
MinimumVisualStudioVersion = 10.0.40219.1
Project("{FAE04EC0-301F-11D3-BF4B-00C04F79EFBC}") = "DailyPractice12", "DailyPractice12\DailyPractice12.csproj", "{57F311F5-B766-449B-9089-093D70F0F596}"
EndProject
Global
	GlobalSection(SolutionConfigurationPlatforms) = preSolution
		Debug|anycpu = Debug|anycpu
		Release|anycpu = Release|anycpu
	EndGlobalSection
	GlobalSection(ProjectConfigurationPlatforms) = postSolution
		{57F311F5-B766-449B-9089-093D70F0F596}.Debug|anycpu.ActiveCfg = Debug|anycpu
		{57F311F5-B766-449B-9089-093D70F0F596}.Debug|anycpu.Build.0 = Debug|anycpu
		{57F311F5-B766-449B-9089-093D70F0F596}.Release|anycpu.ActiveCfg = Release|anycpu
		{57F311F5-B766-449B-9089-093D70F0F596}.Release|anycpu.Build.0 = Release|anycpu
	EndGlobalSection
	GlobalSection(SolutionProperties) = preSolution
		HideSolutionNode = FALSE
	EndGlobalSection
	GlobalSection(ExtensibilityGlobals) = postSolution
		SolutionGuid = {0FC6492C-3D75-45C4-97B0-DC69DE499649}
	EndGlobalSection
EndGlobal
