
Microsoft Visual Studio Solution File, Format Version 12.00
# Visual Studio Version 16
VisualStudioVersion = 16.0.810.25
MinimumVisualStudioVersion = 10.0.40219.1
Project("{FAE04EC0-301F-11D3-BF4B-00C04F79EFBC}") = "DailyPractice07", "DailyPractice07\DailyPractice07.csproj", "{6CC94641-0ECB-461D-B5B9-6DF5ED999CF3}"
EndProject
Global
	GlobalSection(SolutionConfigurationPlatforms) = preSolution
		Debug|anycpu = Debug|anycpu
		Release|anycpu = Release|anycpu
	EndGlobalSection
	GlobalSection(ProjectConfigurationPlatforms) = postSolution
		{6CC94641-0ECB-461D-B5B9-6DF5ED999CF3}.Debug|anycpu.ActiveCfg = Debug|anycpu
		{6CC94641-0ECB-461D-B5B9-6DF5ED999CF3}.Debug|anycpu.Build.0 = Debug|anycpu
		{6CC94641-0ECB-461D-B5B9-6DF5ED999CF3}.Release|anycpu.ActiveCfg = Release|anycpu
		{6CC94641-0ECB-461D-B5B9-6DF5ED999CF3}.Release|anycpu.Build.0 = Release|anycpu
	EndGlobalSection
	GlobalSection(SolutionProperties) = preSolution
		HideSolutionNode = FALSE
	EndGlobalSection
	GlobalSection(ExtensibilityGlobals) = postSolution
		SolutionGuid = {35A0B924-0CB6-40B5-B0AB-E6C619F8B2E0}
	EndGlobalSection
EndGlobal
